
Microsoft Visual Studio Solution File, Format Version 12.00
# Visual Studio 15
VisualStudioVersion = 15.0.27130.2020
MinimumVisualStudioVersion = 10.0.40219.1
Project("{FAE04EC0-301F-11D3-BF4B-00C04F79EFBC}") = "ToDoAppMVC", "ToDoAppMVC\ToDoAppMVC.csproj", "{BCE3A0D6-B7A4-40D1-B035-7FDF85BE26B5}"
EndProject
Global
	GlobalSection(SolutionConfigurationPlatforms) = preSolution
		Debug|Any CPU = Debug|Any CPU
		Release|Any CPU = Release|Any CPU
	EndGlobalSection
	GlobalSection(ProjectConfigurationPlatforms) = postSolution
		{BCE3A0D6-B7A4-40D1-B035-7FDF85BE26B5}.Debug|Any CPU.ActiveCfg = Debug|Any CPU
		{BCE3A0D6-B7A4-40D1-B035-7FDF85BE26B5}.Debug|Any CPU.Build.0 = Debug|Any CPU
		{BCE3A0D6-B7A4-40D1-B035-7FDF85BE26B5}.Release|Any CPU.ActiveCfg = Release|Any CPU
		{BCE3A0D6-B7A4-40D1-B035-7FDF85BE26B5}.Release|Any CPU.Build.0 = Release|Any CPU
	EndGlobalSection
	GlobalSection(SolutionProperties) = preSolution
		HideSolutionNode = FALSE
	EndGlobalSection
	GlobalSection(ExtensibilityGlobals) = postSolution
		SolutionGuid = {E11E7A14-80D7-471E-9CF4-A38F61667F68}
	EndGlobalSection
EndGlobal
